version: 1.0
shards:
  crystal_random_agent:
    github: Nephos/crystal_random_agent
    commit: b233204471270d5fd4546ff2d435e15291277f50

  kemal:
    github: sdogruyol/kemal
    version: 0.13.0

  kilt:
    github: jeromegn/kilt
    version: 0.3.3

  radix:
    github: luislavena/radix
    version: 0.3.0

